
Microsoft Visual Studio Solution File, Format Version 12.00
# Visual Studio Version 17
VisualStudioVersion = 17.4.33213.308
MinimumVisualStudioVersion = 10.0.40219.1
Project("{9A19103F-16F7-4668-BE54-9A1E7A4F7556}") = "EasySaveConsole", "EasySaveConsole\EasySaveConsole.csproj", "{E97A1A4C-386C-40EC-8A4A-B46443512B02}"
EndProject
Project("{9A19103F-16F7-4668-BE54-9A1E7A4F7556}") = "EasySaveLib", "EasySaveLib\EasySaveLib.csproj", "{78F612C4-820B-49AA-8786-666BF28383BC}"
EndProject
Project("{9A19103F-16F7-4668-BE54-9A1E7A4F7556}") = "CryptoSoft", "CryptoSoft\CryptoSoft.csproj", "{45AC600B-5B70-46D8-A367-231B67E6C0A3}"
EndProject
Project("{9A19103F-16F7-4668-BE54-9A1E7A4F7556}") = "EasySaveWPF", "EasySaveWPF\EasySaveWPF.csproj", "{1124CD92-3766-47A7-96AF-6D14DE2AF79F}"
EndProject
Project("{FAE04EC0-301F-11D3-BF4B-00C04F79EFBC}") = "EasySaveRemote", "EasySaveRemote\EasySaveRemote.csproj", "{C17D00AC-3E66-4E1D-BD40-8B14D7FA725A}"
EndProject
Global
	GlobalSection(SolutionConfigurationPlatforms) = preSolution
		Debug|Any CPU = Debug|Any CPU
		Release|Any CPU = Release|Any CPU
	EndGlobalSection
	GlobalSection(ProjectConfigurationPlatforms) = postSolution
		{E97A1A4C-386C-40EC-8A4A-B46443512B02}.Debug|Any CPU.ActiveCfg = Debug|Any CPU
		{E97A1A4C-386C-40EC-8A4A-B46443512B02}.Debug|Any CPU.Build.0 = Debug|Any CPU
		{E97A1A4C-386C-40EC-8A4A-B46443512B02}.Release|Any CPU.ActiveCfg = Release|Any CPU
		{E97A1A4C-386C-40EC-8A4A-B46443512B02}.Release|Any CPU.Build.0 = Release|Any CPU
		{78F612C4-820B-49AA-8786-666BF28383BC}.Debug|Any CPU.ActiveCfg = Debug|Any CPU
		{78F612C4-820B-49AA-8786-666BF28383BC}.Debug|Any CPU.Build.0 = Debug|Any CPU
		{78F612C4-820B-49AA-8786-666BF28383BC}.Release|Any CPU.ActiveCfg = Release|Any CPU
		{78F612C4-820B-49AA-8786-666BF28383BC}.Release|Any CPU.Build.0 = Release|Any CPU
		{45AC600B-5B70-46D8-A367-231B67E6C0A3}.Debug|Any CPU.ActiveCfg = Debug|Any CPU
		{45AC600B-5B70-46D8-A367-231B67E6C0A3}.Debug|Any CPU.Build.0 = Debug|Any CPU
		{45AC600B-5B70-46D8-A367-231B67E6C0A3}.Release|Any CPU.ActiveCfg = Release|Any CPU
		{45AC600B-5B70-46D8-A367-231B67E6C0A3}.Release|Any CPU.Build.0 = Release|Any CPU
		{1124CD92-3766-47A7-96AF-6D14DE2AF79F}.Debug|Any CPU.ActiveCfg = Debug|Any CPU
		{1124CD92-3766-47A7-96AF-6D14DE2AF79F}.Debug|Any CPU.Build.0 = Debug|Any CPU
		{1124CD92-3766-47A7-96AF-6D14DE2AF79F}.Release|Any CPU.ActiveCfg = Release|Any CPU
		{1124CD92-3766-47A7-96AF-6D14DE2AF79F}.Release|Any CPU.Build.0 = Release|Any CPU
		{C17D00AC-3E66-4E1D-BD40-8B14D7FA725A}.Debug|Any CPU.ActiveCfg = Debug|Any CPU
		{C17D00AC-3E66-4E1D-BD40-8B14D7FA725A}.Debug|Any CPU.Build.0 = Debug|Any CPU
		{C17D00AC-3E66-4E1D-BD40-8B14D7FA725A}.Release|Any CPU.ActiveCfg = Release|Any CPU
		{C17D00AC-3E66-4E1D-BD40-8B14D7FA725A}.Release|Any CPU.Build.0 = Release|Any CPU
	EndGlobalSection
	GlobalSection(SolutionProperties) = preSolution
		HideSolutionNode = FALSE
	EndGlobalSection
	GlobalSection(ExtensibilityGlobals) = postSolution
		SolutionGuid = {A382DEAD-714F-4C97-AF9D-D711907F1C3E}
	EndGlobalSection
EndGlobal
